
Microsoft Visual Studio Solution File, Format Version 12.00
# Visual Studio Version 17
VisualStudioVersion = 17.0.32014.148
MinimumVisualStudioVersion = 10.0.40219.1
Project("{8BC9CEB8-8B4A-11D0-8D11-00A0C91BC942}") = "restar c++ xd", "restar c++ xd.vcxproj", "{D7CDD23B-BC1C-46DD-9078-40901C10D624}"
EndProject
Global
	GlobalSection(SolutionConfigurationPlatforms) = preSolution
		Debug|x64 = Debug|x64
		Debug|x86 = Debug|x86
		Release|x64 = Release|x64
		Release|x86 = Release|x86
	EndGlobalSection
	GlobalSection(ProjectConfigurationPlatforms) = postSolution
		{D7CDD23B-BC1C-46DD-9078-40901C10D624}.Debug|x64.ActiveCfg = Debug|x64
		{D7CDD23B-BC1C-46DD-9078-40901C10D624}.Debug|x64.Build.0 = Debug|x64
		{D7CDD23B-BC1C-46DD-9078-40901C10D624}.Debug|x86.ActiveCfg = Debug|Win32
		{D7CDD23B-BC1C-46DD-9078-40901C10D624}.Debug|x86.Build.0 = Debug|Win32
		{D7CDD23B-BC1C-46DD-9078-40901C10D624}.Release|x64.ActiveCfg = Release|x64
		{D7CDD23B-BC1C-46DD-9078-40901C10D624}.Release|x64.Build.0 = Release|x64
		{D7CDD23B-BC1C-46DD-9078-40901C10D624}.Release|x86.ActiveCfg = Release|Win32
		{D7CDD23B-BC1C-46DD-9078-40901C10D624}.Release|x86.Build.0 = Release|Win32
	EndGlobalSection
	GlobalSection(SolutionProperties) = preSolution
		HideSolutionNode = FALSE
	EndGlobalSection
	GlobalSection(ExtensibilityGlobals) = postSolution
		SolutionGuid = {A06EDA49-AD75-4526-B085-934E9688AEB0}
	EndGlobalSection
EndGlobal
