
Microsoft Visual Studio Solution File, Format Version 12.00
# Visual Studio Version 17
VisualStudioVersion = 17.0.32014.148
MinimumVisualStudioVersion = 10.0.40219.1
Project("{8BC9CEB8-8B4A-11D0-8D11-00A0C91BC942}") = "dividir xd", "dividir xd.vcxproj", "{26975AEA-6029-472B-B550-4E4DD7F65350}"
EndProject
Global
	GlobalSection(SolutionConfigurationPlatforms) = preSolution
		Debug|x64 = Debug|x64
		Debug|x86 = Debug|x86
		Release|x64 = Release|x64
		Release|x86 = Release|x86
	EndGlobalSection
	GlobalSection(ProjectConfigurationPlatforms) = postSolution
		{26975AEA-6029-472B-B550-4E4DD7F65350}.Debug|x64.ActiveCfg = Debug|x64
		{26975AEA-6029-472B-B550-4E4DD7F65350}.Debug|x64.Build.0 = Debug|x64
		{26975AEA-6029-472B-B550-4E4DD7F65350}.Debug|x86.ActiveCfg = Debug|Win32
		{26975AEA-6029-472B-B550-4E4DD7F65350}.Debug|x86.Build.0 = Debug|Win32
		{26975AEA-6029-472B-B550-4E4DD7F65350}.Release|x64.ActiveCfg = Release|x64
		{26975AEA-6029-472B-B550-4E4DD7F65350}.Release|x64.Build.0 = Release|x64
		{26975AEA-6029-472B-B550-4E4DD7F65350}.Release|x86.ActiveCfg = Release|Win32
		{26975AEA-6029-472B-B550-4E4DD7F65350}.Release|x86.Build.0 = Release|Win32
	EndGlobalSection
	GlobalSection(SolutionProperties) = preSolution
		HideSolutionNode = FALSE
	EndGlobalSection
	GlobalSection(ExtensibilityGlobals) = postSolution
		SolutionGuid = {2D3F413C-7907-4EEC-877D-00C26A5AB755}
	EndGlobalSection
EndGlobal
